{
  "projects": [
    {
      "projectId": "psCXYX3gjakvq2zZg1EteZ",
      "version": "latest",
      "dependencies": {},
      "lang": "ts",
      "fileLocks": [
        {
          "type": "globalVariant",
          "assetId": "HvhwDwBSRjsA",
          "checksum": "9ee00b3c482fd3e087749ed87e215b17"
        },
        {
          "assetId": "psCXYX3gjakvq2zZg1EteZ",
          "type": "projectCss",
          "checksum": "8d1e40bbc0044dce9dea9b26426df48c"
        },
        {
          "type": "renderModule",
          "assetId": "uzhiQNYqFMnd",
          "checksum": "d5bbff0d901cdd627f32a7e76a425a59"
        },
        {
          "type": "cssRules",
          "assetId": "uzhiQNYqFMnd",
          "checksum": "d5bbff0d901cdd627f32a7e76a425a59"
        },
        {
          "type": "renderModule",
          "assetId": "av16rnw7WHoz",
          "checksum": "04fd3262626963bf8a15d223db098269"
        },
        {
          "type": "cssRules",
          "assetId": "av16rnw7WHoz",
          "checksum": "04fd3262626963bf8a15d223db098269"
        },
        {
          "type": "renderModule",
          "assetId": "g3ZffYhwzf2j",
          "checksum": "21134d9b326e232063a17f3c5a4fce6d"
        },
        {
          "type": "cssRules",
          "assetId": "g3ZffYhwzf2j",
          "checksum": "21134d9b326e232063a17f3c5a4fce6d"
        },
        {
          "type": "renderModule",
          "assetId": "LTw2TEFnvRb-",
          "checksum": "a18ed517f00e1daae3e36e8ddac12965"
        },
        {
          "type": "cssRules",
          "assetId": "LTw2TEFnvRb-",
          "checksum": "a18ed517f00e1daae3e36e8ddac12965"
        },
        {
          "type": "renderModule",
          "assetId": "Uj1y_vU3C_U3",
          "checksum": "0bf2d38c46a587339e1b7401991b0ddd"
        },
        {
          "type": "cssRules",
          "assetId": "Uj1y_vU3C_U3",
          "checksum": "0bf2d38c46a587339e1b7401991b0ddd"
        },
        {
          "type": "renderModule",
          "assetId": "UooMFCWejIgN",
          "checksum": "1ed0fe9d9b9d3d8942628ee0c5ca0af7"
        },
        {
          "type": "cssRules",
          "assetId": "UooMFCWejIgN",
          "checksum": "1ed0fe9d9b9d3d8942628ee0c5ca0af7"
        },
        {
          "type": "renderModule",
          "assetId": "8l1huJcAJ_BI",
          "checksum": "6d93b55255346c170248797b0a667fb1"
        },
        {
          "type": "cssRules",
          "assetId": "8l1huJcAJ_BI",
          "checksum": "6d93b55255346c170248797b0a667fb1"
        },
        {
          "type": "renderModule",
          "assetId": "qbeeQNh78SE3",
          "checksum": "d654c673449bea7818a718e5bc46a647"
        },
        {
          "type": "cssRules",
          "assetId": "qbeeQNh78SE3",
          "checksum": "d654c673449bea7818a718e5bc46a647"
        },
        {
          "type": "renderModule",
          "assetId": "lYgLXK9i21Tl",
          "checksum": "7cd24e57fafaae9e09df2951e5d1155a"
        },
        {
          "type": "cssRules",
          "assetId": "lYgLXK9i21Tl",
          "checksum": "7cd24e57fafaae9e09df2951e5d1155a"
        },
        {
          "type": "renderModule",
          "assetId": "2wficFVLABUF",
          "checksum": "370f94a899f6558d8e52161aabd7019f"
        },
        {
          "type": "cssRules",
          "assetId": "2wficFVLABUF",
          "checksum": "370f94a899f6558d8e52161aabd7019f"
        },
        {
          "type": "renderModule",
          "assetId": "mrVNwq8TsTG6",
          "checksum": "a5855d014c8ff311a1d99fbe5a1984f4"
        },
        {
          "type": "cssRules",
          "assetId": "mrVNwq8TsTG6",
          "checksum": "a5855d014c8ff311a1d99fbe5a1984f4"
        },
        {
          "type": "renderModule",
          "assetId": "E6da7OVPe4rc",
          "checksum": "443edb6b7023fee642deb962cd101357"
        },
        {
          "type": "cssRules",
          "assetId": "E6da7OVPe4rc",
          "checksum": "443edb6b7023fee642deb962cd101357"
        },
        {
          "type": "renderModule",
          "assetId": "n4b6969hOgp3",
          "checksum": "5059f27a9ac94714fa0664bfacf361f4"
        },
        {
          "type": "cssRules",
          "assetId": "n4b6969hOgp3",
          "checksum": "5059f27a9ac94714fa0664bfacf361f4"
        },
        {
          "type": "icon",
          "assetId": "wnkHQS1W30Ur",
          "checksum": "cc2fdaaebec37a1c05ffec896dac7259"
        },
        {
          "type": "icon",
          "assetId": "4Y7VhjVL6cFE",
          "checksum": "24266be6d6fe59df7b7250943d87a2db"
        },
        {
          "type": "icon",
          "assetId": "-GvacRuNTgE9",
          "checksum": "e73b7d9e7f64a48a3d7a881197033340"
        },
        {
          "type": "icon",
          "assetId": "UwhA7CQ4FYXl",
          "checksum": "fe4021cf8f2b83fba31a4baf1305c8e2"
        },
        {
          "type": "icon",
          "assetId": "FOKW3QCJJPl6",
          "checksum": "69b31afeab49cab69c84aa9ae20290f1"
        },
        {
          "type": "icon",
          "assetId": "Q1SUsv_HFrAG",
          "checksum": "d09dea52cc2e4851c94a60f93dc5ae0c"
        },
        {
          "type": "icon",
          "assetId": "5EoJjN7py2c7",
          "checksum": "ac34b636a79650cb920e51b82fda059b"
        },
        {
          "type": "icon",
          "assetId": "2V1ToWO68b-c",
          "checksum": "dae820c4023060c9ca581f8f9b51332f"
        },
        {
          "type": "icon",
          "assetId": "IsaWFciPbJ1J",
          "checksum": "ff7b2a583bc4e3d4d2b1d595e847ddb9"
        },
        {
          "type": "icon",
          "assetId": "a_HTBx-LK42g",
          "checksum": "eabc536e77310ad5c0f6683f6923d86f"
        },
        {
          "type": "icon",
          "assetId": "72HxloMNSLrv",
          "checksum": "5f02bcee0e309de9dbb85cf7d2e815c1"
        },
        {
          "type": "icon",
          "assetId": "t78YC5lDbimn",
          "checksum": "e1e9499bcb429f3074cd1b177577efe1"
        },
        {
          "type": "icon",
          "assetId": "3-AkIWNQVtL0",
          "checksum": "1cf00aa328656afdfbc5479fccac852f"
        },
        {
          "type": "icon",
          "assetId": "jmmR9auEhZo1",
          "checksum": "bc3b41ddde8390dc3adbf6499d9c9712"
        },
        {
          "type": "icon",
          "assetId": "4Zic9e6GveIO",
          "checksum": "df6370e25af48b0bb98f5b5ba3ad0b12"
        },
        {
          "type": "icon",
          "assetId": "TBAhtAcydZ6h",
          "checksum": "1db9d9ee2ed917c9fe32f6093db2e202"
        },
        {
          "type": "icon",
          "assetId": "H0IW4QarVu26",
          "checksum": "2f7c64134139e6e2ebad94eb99ca78e9"
        },
        {
          "type": "icon",
          "assetId": "TyIAeCjEBOWe",
          "checksum": "62a6b52a38217db9a85d2118e3dcf134"
        },
        {
          "type": "icon",
          "assetId": "au1wrGHIGpJl",
          "checksum": "5661ba242c0208e5b95e061f8f9620b1"
        },
        {
          "type": "image",
          "assetId": "Cm3-Hwz6xmCw",
          "checksum": "274752314a8dc17baffbe7d1345aaf8e"
        },
        {
          "type": "image",
          "assetId": "v1ts7DWEfA8Y",
          "checksum": "8fc6d07efb50ceca8c66c91f6e68a0cf"
        },
        {
          "type": "image",
          "assetId": "zO6j9ZrlEVNc",
          "checksum": "441912cc888ebb78a404e481e9db357c"
        },
        {
          "type": "image",
          "assetId": "d6kGvMU-aKh1",
          "checksum": "81f52f5ffa5991fe9b46819fee7c97b8"
        },
        {
          "type": "image",
          "assetId": "HGJSR1poUGew",
          "checksum": "7a7f377947e9378f0ec3e647c99bc6b8"
        },
        {
          "type": "image",
          "assetId": "ok797u_jXadV",
          "checksum": "e055a5ce77264c975947e5b1f55b54c3"
        },
        {
          "type": "image",
          "assetId": "zjNV9fjIS_Ba",
          "checksum": "29da24506e18485428007f63c5495bf9"
        },
        {
          "type": "image",
          "assetId": "56CJoLP4biJi",
          "checksum": "e03db3a1346e04d21d0973d00ac11d43"
        },
        {
          "type": "image",
          "assetId": "h8PkVGg57Ye8",
          "checksum": "b1fd1ac8f4aca4a4762120e5164604e7"
        },
        {
          "type": "image",
          "assetId": "yhgPs_GnCjdj",
          "checksum": "31ed7f7f346b0e07337763b62e62d086"
        },
        {
          "type": "image",
          "assetId": "Fxk6mkeeH2HB",
          "checksum": "497a4bab40904c4d0f60b3bd54bfe111"
        },
        {
          "type": "image",
          "assetId": "L9V3f5SSNDMQ",
          "checksum": "bd0f3f87ba4be5d5e69b2c032973c400"
        },
        {
          "type": "image",
          "assetId": "QEBsxswm13KH",
          "checksum": "8996925d45e6524b42ba0a25cbce0266"
        },
        {
          "type": "image",
          "assetId": "QJ9piTpHw1xR",
          "checksum": "0b892ff0584aff1e7508d081df2e4dc3"
        },
        {
          "type": "image",
          "assetId": "fNEx3pw_04Ub",
          "checksum": "8c703833ec2e54426eae9be01b0cbd17"
        },
        {
          "type": "image",
          "assetId": "4rhML_ZSs2Rt",
          "checksum": "4d48bcd07de8f8e7a4c651604292d0ee"
        },
        {
          "type": "image",
          "assetId": "Nu4qHaiwebx4",
          "checksum": "c3eb23b46d6345b2dea22717936a4d07"
        },
        {
          "type": "image",
          "assetId": "17Ju-0drbtE9",
          "checksum": "55c803abf2f558fbc9430a6779f1b483"
        },
        {
          "type": "image",
          "assetId": "6k-8Sgb1yWzx",
          "checksum": "1b324ea768ea50128850ae7979c1f1be"
        },
        {
          "type": "image",
          "assetId": "RkHWvKyLRwXr",
          "checksum": "ab35e35037c87297a0b8b725eab7af3d"
        },
        {
          "type": "image",
          "assetId": "XZMjBXgZQzuf",
          "checksum": "69bbcb68a673474a19b835b81aa57e03"
        },
        {
          "type": "image",
          "assetId": "SxaDl05CRIrK",
          "checksum": "4b4cc4cdef41589295cb5885d342cb3e"
        },
        {
          "type": "image",
          "assetId": "i5kokiYcUPZH",
          "checksum": "563d625ac690e5746c8f4f78152d951c"
        },
        {
          "type": "image",
          "assetId": "Gutpc2-RDnMZ",
          "checksum": "d967da990ad6abe5fe02def9c4337739"
        },
        {
          "type": "image",
          "assetId": "ynbTz-YXI1r3",
          "checksum": "2bd2d31067e0a6d6562476e7f7301754"
        },
        {
          "type": "image",
          "assetId": "5kmWBFw6sffx",
          "checksum": "164d7d4d65e21c7a4960a22212bb77b7"
        },
        {
          "type": "image",
          "assetId": "bFrQXe2PJlcY",
          "checksum": "905537602fc42e63e78087d374059bb9"
        },
        {
          "type": "image",
          "assetId": "vXYupkHfsde9",
          "checksum": "b23e87f6f4f35980b5a92e37a951edcf"
        },
        {
          "type": "image",
          "assetId": "BpFwnmgTwbwJ",
          "checksum": "f2390636f23308efeb2a29be902dab9d"
        },
        {
          "type": "image",
          "assetId": "lptNUsWEPe_h",
          "checksum": "8fc28f7732fc5888dd17e0c5561c1cb7"
        },
        {
          "type": "image",
          "assetId": "fAFd5H_6-Spt",
          "checksum": "ca10644f36df363cd3db4c3ef41bc54d"
        },
        {
          "type": "image",
          "assetId": "1O2XjDViMkWV",
          "checksum": "d71463c12ee598694731dc8e134114ad"
        },
        {
          "type": "image",
          "assetId": "8M2MIAUcBZ_m",
          "checksum": "2b1b00d3c0557e4b4749ff3665a958df"
        },
        {
          "type": "image",
          "assetId": "_4eITSZIKSkc",
          "checksum": "901f4e264941c0ef0e19d98961c09e2b"
        },
        {
          "type": "image",
          "assetId": "esjE2fdG-4b6",
          "checksum": "ce2db6b2de15210cb761d0ca42eaaff7"
        },
        {
          "type": "image",
          "assetId": "9RynlbZoOMJv",
          "checksum": "8dda8fa03957aaa1627f44cdd35f6e25"
        },
        {
          "type": "image",
          "assetId": "oUlaMdADze5s",
          "checksum": "619e45d75ba41bfa9da0668edf4c118a"
        },
        {
          "type": "image",
          "assetId": "npbYjpZKqgVJ",
          "checksum": "9bd2ed13eebf012539a30672803fc12f"
        },
        {
          "type": "image",
          "assetId": "c-ugZJJoZiy2",
          "checksum": "2b990d9ac217ee2036fd49b1233f9fba"
        },
        {
          "type": "image",
          "assetId": "IHXhhMmAjxQG",
          "checksum": "b22a98f739ad862a0c880e85ea781477"
        },
        {
          "type": "image",
          "assetId": "lLaSbHwub37L",
          "checksum": "4dcd52ca5796530051ab4b5c6bc56db3"
        },
        {
          "type": "image",
          "assetId": "5CQsSXteVUW9",
          "checksum": "bde1f371a4e43a8783f0e7a29cc450cb"
        },
        {
          "type": "image",
          "assetId": "0uV1hDct5DVx",
          "checksum": "a0349bbfa0e7f28a921c0ee287c67c2c"
        },
        {
          "type": "image",
          "assetId": "M-QWfBSZtam8",
          "checksum": "0fd6ee6a0dfa95c87d4f33fb3be3f4dc"
        },
        {
          "type": "image",
          "assetId": "j1X4oVzlcHL9",
          "checksum": "a47a67414ef9a5a99b3a8e8a3daff328"
        },
        {
          "type": "image",
          "assetId": "KcsurIZKyrb4",
          "checksum": "d79a034724e36298afeee6441046cb11"
        },
        {
          "type": "image",
          "assetId": "6GHkxx8cw8QU",
          "checksum": "07dfd6f8c22fbb3498e152ab9be0e95f"
        },
        {
          "type": "image",
          "assetId": "pmr1ydrricS7",
          "checksum": "a91f676abc7a33f5e8c601ac43229d12"
        },
        {
          "type": "image",
          "assetId": "ZYPoQfvA7hy6",
          "checksum": "98af816fd1b967d8521e3791b936459c"
        },
        {
          "type": "image",
          "assetId": "zfJsLZcUg3yE",
          "checksum": "c95d1dc574dc18c58ee1ef5d9e562cb4"
        },
        {
          "type": "image",
          "assetId": "s6pfir26vwT5",
          "checksum": "d916823dba2cdd07ec0c56ed08231aec"
        },
        {
          "type": "image",
          "assetId": "DN9mTA3B9HuS",
          "checksum": "21156509ae43ee369126bdf5392df0f0"
        },
        {
          "type": "image",
          "assetId": "2lbAq2KMLSzN",
          "checksum": "d367a7a41be8d6336d80bb1c10c182fc"
        },
        {
          "type": "image",
          "assetId": "YJHCKlcyukKX",
          "checksum": "fbefb51da94c80c2159b674e4cce33ae"
        },
        {
          "type": "image",
          "assetId": "5OIunJl6BYDB",
          "checksum": "dbd198f66d1a80df5f3c8103aa61b0de"
        },
        {
          "type": "image",
          "assetId": "PNfNSJ9ZrJRW",
          "checksum": "b34672729c2fd0f384348e4eeac71989"
        },
        {
          "type": "image",
          "assetId": "oznK0BNpF0CC",
          "checksum": "7413516d5d61d61c724aea3c15f3b7fe"
        },
        {
          "type": "image",
          "assetId": "X_CcGAiFtZTA",
          "checksum": "f90ce390f54155623e2f05fd1b5aefdf"
        },
        {
          "type": "image",
          "assetId": "GWwDwlmusuBS",
          "checksum": "05f07efa19059a3507c32c276c14321b"
        },
        {
          "type": "image",
          "assetId": "ArywmKSC1RE0",
          "checksum": "630317bec374ee408dce050e0e580e78"
        },
        {
          "type": "image",
          "assetId": "l-8IrGihIXJ-",
          "checksum": "ffbc7f13fd5f6e5bbeaa38001d05183d"
        },
        {
          "type": "image",
          "assetId": "sgxXjKKPqPtR",
          "checksum": "de3109e229f0f35ff10dbe3f51c4d6e1"
        }
      ],
      "codegenVersion": "0.0.1"
    }
  ],
  "cliVersion": "0.1.335"
}
